
Microsoft Visual Studio Solution File, Format Version 12.00
# Visual Studio Version 17
VisualStudioVersion = 17.7.34024.191
MinimumVisualStudioVersion = 10.0.40219.1
Project("{FAE04EC0-301F-11D3-BF4B-00C04F79EFBC}") = "SOLARMAA", "SOLARMAA\SOLARMAA.csproj", "{2B3D80B2-366C-4DBD-B459-608648C3553D}"
EndProject
Global
	GlobalSection(SolutionConfigurationPlatforms) = preSolution
		Debug|Any CPU = Debug|Any CPU
		Release|Any CPU = Release|Any CPU
	EndGlobalSection
	GlobalSection(ProjectConfigurationPlatforms) = postSolution
		{2B3D80B2-366C-4DBD-B459-608648C3553D}.Debug|Any CPU.ActiveCfg = Debug|Any CPU
		{2B3D80B2-366C-4DBD-B459-608648C3553D}.Debug|Any CPU.Build.0 = Debug|Any CPU
		{2B3D80B2-366C-4DBD-B459-608648C3553D}.Debug|Any CPU.Deploy.0 = Debug|Any CPU
		{2B3D80B2-366C-4DBD-B459-608648C3553D}.Release|Any CPU.ActiveCfg = Release|Any CPU
		{2B3D80B2-366C-4DBD-B459-608648C3553D}.Release|Any CPU.Build.0 = Release|Any CPU
		{2B3D80B2-366C-4DBD-B459-608648C3553D}.Release|Any CPU.Deploy.0 = Release|Any CPU
	EndGlobalSection
	GlobalSection(SolutionProperties) = preSolution
		HideSolutionNode = FALSE
	EndGlobalSection
	GlobalSection(ExtensibilityGlobals) = postSolution
		SolutionGuid = {A114B050-7D3C-4AD2-BD1E-331C7A58FDC8}
	EndGlobalSection
EndGlobal
